
Microsoft Visual Studio Solution File, Format Version 12.00
# Visual Studio Version 17
VisualStudioVersion = 17.13.35818.85 d17.13
MinimumVisualStudioVersion = 10.0.40219.1
Project("{FAE04EC0-301F-11D3-BF4B-00C04F79EFBC}") = "Aula03", "Aula03\Aula03.csproj", "{BCA8C641-38D3-4481-82D3-FDF1F69B15AA}"
EndProject
Global
	GlobalSection(SolutionConfigurationPlatforms) = preSolution
		Debug|Any CPU = Debug|Any CPU
		Release|Any CPU = Release|Any CPU
	EndGlobalSection
	GlobalSection(ProjectConfigurationPlatforms) = postSolution
		{BCA8C641-38D3-4481-82D3-FDF1F69B15AA}.Debug|Any CPU.ActiveCfg = Debug|Any CPU
		{BCA8C641-38D3-4481-82D3-FDF1F69B15AA}.Debug|Any CPU.Build.0 = Debug|Any CPU
		{BCA8C641-38D3-4481-82D3-FDF1F69B15AA}.Release|Any CPU.ActiveCfg = Release|Any CPU
		{BCA8C641-38D3-4481-82D3-FDF1F69B15AA}.Release|Any CPU.Build.0 = Release|Any CPU
	EndGlobalSection
	GlobalSection(SolutionProperties) = preSolution
		HideSolutionNode = FALSE
	EndGlobalSection
	GlobalSection(ExtensibilityGlobals) = postSolution
		SolutionGuid = {1D64B882-66B6-4E24-B682-D557AC6C2003}
	EndGlobalSection
EndGlobal
