
Microsoft Visual Studio Solution File, Format Version 12.00
# Visual Studio Version 17
VisualStudioVersion = 17.13.35818.85
MinimumVisualStudioVersion = 10.0.40219.1
Project("{FAE04EC0-301F-11D3-BF4B-00C04F79EFBC}") = "Site 0", "Site 0\Site 0.csproj", "{08C7D363-AE26-420F-A13B-2231FEE7953B}"
EndProject
Global
	GlobalSection(SolutionConfigurationPlatforms) = preSolution
		Debug|Any CPU = Debug|Any CPU
		Release|Any CPU = Release|Any CPU
	EndGlobalSection
	GlobalSection(ProjectConfigurationPlatforms) = postSolution
		{08C7D363-AE26-420F-A13B-2231FEE7953B}.Debug|Any CPU.ActiveCfg = Debug|Any CPU
		{08C7D363-AE26-420F-A13B-2231FEE7953B}.Debug|Any CPU.Build.0 = Debug|Any CPU
		{08C7D363-AE26-420F-A13B-2231FEE7953B}.Release|Any CPU.ActiveCfg = Release|Any CPU
		{08C7D363-AE26-420F-A13B-2231FEE7953B}.Release|Any CPU.Build.0 = Release|Any CPU
	EndGlobalSection
	GlobalSection(SolutionProperties) = preSolution
		HideSolutionNode = FALSE
	EndGlobalSection
	GlobalSection(ExtensibilityGlobals) = postSolution
		SolutionGuid = {02827279-9149-4A51-8B0D-53E39A3E9568}
	EndGlobalSection
EndGlobal
